
Microsoft Visual Studio Solution File, Format Version 12.00
# Visual Studio 14
VisualStudioVersion = 14.0.23107.0
MinimumVisualStudioVersion = 10.0.40219.1
Project("{F2A71F9B-5D33-465A-A702-920D77279786}") = "HashLauncher", "src\HashLauncher.fsproj", "{15C4CB93-0A45-4251-98A6-8A759D2A4285}"
EndProject
Global
	GlobalSection(SolutionConfigurationPlatforms) = preSolution
		Debug|Any CPU = Debug|Any CPU
		Release|Any CPU = Release|Any CPU
	EndGlobalSection
	GlobalSection(ProjectConfigurationPlatforms) = postSolution
		{15C4CB93-0A45-4251-98A6-8A759D2A4285}.Debug|Any CPU.ActiveCfg = Debug|Any CPU
		{15C4CB93-0A45-4251-98A6-8A759D2A4285}.Debug|Any CPU.Build.0 = Debug|Any CPU
		{15C4CB93-0A45-4251-98A6-8A759D2A4285}.Release|Any CPU.ActiveCfg = Release|Any CPU
		{15C4CB93-0A45-4251-98A6-8A759D2A4285}.Release|Any CPU.Build.0 = Release|Any CPU
	EndGlobalSection
	GlobalSection(SolutionProperties) = preSolution
		HideSolutionNode = FALSE
	EndGlobalSection
EndGlobal
